// !$*UTF8*$!
{
	archiveVersion = 1;
	classes = {
	};
	objectVersion = 51;
	objects = {

/* Begin PBXBuildFile section */
		110A9E1D24290A3F00F13263 /* Database.swift in Sources */ = {isa = PBXBuildFile; fileRef = 110A9E1C24290A3F00F13263 /* Database.swift */; };
		11F8F68324252B56003E61BE /* AppDelegate.swift in Sources */ = {isa = PBXBuildFile; fileRef = 11F8F68224252B56003E61BE /* AppDelegate.swift */; };
		11F8F68524252B56003E61BE /* SceneDelegate.swift in Sources */ = {isa = PBXBuildFile; fileRef = 11F8F68424252B56003E61BE /* SceneDelegate.swift */; };
		11F8F68724252B56003E61BE /* ViewController.swift in Sources */ = {isa = PBXBuildFile; fileRef = 11F8F68624252B56003E61BE /* ViewController.swift */; };
		11F8F68A24252B56003E61BE /* Main.storyboard in Resources */ = {isa = PBXBuildFile; fileRef = 11F8F68824252B56003E61BE /* Main.storyboard */; };
		11F8F68C24252B5B003E61BE /* Assets.xcassets in Resources */ = {isa = PBXBuildFile; fileRef = 11F8F68B24252B5B003E61BE /* Assets.xcassets */; };
		11F8F68F24252B5B003E61BE /* LaunchScreen.storyboard in Resources */ = {isa = PBXBuildFile; fileRef = 11F8F68D24252B5B003E61BE /* LaunchScreen.storyboard */; };
		11F8F69724252D07003E61BE /* GoogleService-Info.plist in Resources */ = {isa = PBXBuildFile; fileRef = 11F8F69624252D07003E61BE /* GoogleService-Info.plist */; };
		6D7544A365CD851BF95A1FC4 /* Pods_FaceboookTest.framework in Frameworks */ = {isa = PBXBuildFile; fileRef = BD3E1E516333799EFE034BF2 /* Pods_FaceboookTest.framework */; };
/* End PBXBuildFile section */

/* Begin PBXFileReference section */
		110A9E1C24290A3F00F13263 /* Database.swift */ = {isa = PBXFileReference; lastKnownFileType = sourcecode.swift; path = Database.swift; sourceTree = "<group>"; };
		11F8F67F24252B56003E61BE /* FaceboookTest.app */ = {isa = PBXFileReference; explicitFileType = wrapper.application; includeInIndex = 0; path = FaceboookTest.app; sourceTree = BUILT_PRODUCTS_DIR; };
		11F8F68224252B56003E61BE /* AppDelegate.swift */ = {isa = PBXFileReference; lastKnownFileType = sourcecode.swift; path = AppDelegate.swift; sourceTree = "<group>"; };
		11F8F68424252B56003E61BE /* SceneDelegate.swift */ = {isa = PBXFileReference; lastKnownFileType = sourcecode.swift; path = SceneDelegate.swift; sourceTree = "<group>"; };
		11F8F68624252B56003E61BE /* ViewController.swift */ = {isa = PBXFileReference; lastKnownFileType = sourcecode.swift; path = ViewController.swift; sourceTree = "<group>"; };
		11F8F68924252B56003E61BE /* Base */ = {isa = PBXFileReference; lastKnownFileType = file.storyboard; name = Base; path = Base.lproj/Main.storyboard; sourceTree = "<group>"; };
		11F8F68B24252B5B003E61BE /* Assets.xcassets */ = {isa = PBXFileReference; lastKnownFileType = folder.assetcatalog; path = Assets.xcassets; sourceTree = "<group>"; };
		11F8F68E24252B5B003E61BE /* Base */ = {isa = PBXFileReference; lastKnownFileType = file.storyboard; name = Base; path = Base.lproj/LaunchScreen.storyboard; sourceTree = "<group>"; };
		11F8F69024252B5B003E61BE /* Info.plist */ = {isa = PBXFileReference; lastKnownFileType = text.plist.xml; path = Info.plist; sourceTree = "<group>"; };
		11F8F69624252D07003E61BE /* GoogleService-Info.plist */ = {isa = PBXFileReference; lastKnownFileType = text.plist; path = "GoogleService-Info.plist"; sourceTree = SOURCE_ROOT; };
		38C38E253D631813FEDFDD04 /* Pods-FaceboookTest.release.xcconfig */ = {isa = PBXFileReference; includeInIndex = 1; lastKnownFileType = text.xcconfig; name = "Pods-FaceboookTest.release.xcconfig"; path = "Target Support Files/Pods-FaceboookTest/Pods-FaceboookTest.release.xcconfig"; sourceTree = "<group>"; };
		BD3E1E516333799EFE034BF2 /* Pods_FaceboookTest.framework */ = {isa = PBXFileReference; explicitFileType = wrapper.framework; includeInIndex = 0; path = Pods_FaceboookTest.framework; sourceTree = BUILT_PRODUCTS_DIR; };
		CF13D1AF5CA4459E1257D2D8 /* Pods-FaceboookTest.debug.xcconfig */ = {isa = PBXFileReference; includeInIndex = 1; lastKnownFileType = text.xcconfig; name = "Pods-FaceboookTest.debug.xcconfig"; path = "Target Support Files/Pods-FaceboookTest/Pods-FaceboookTest.debug.xcconfig"; sourceTree = "<group>"; };
/* End PBXFileReference section */

/* Begin PBXFrameworksBuildPhase section */
		11F8F67C24252B56003E61BE /* Frameworks */ = {
			isa = PBXFrameworksBuildPhase;
			buildActionMask = 2147483647;
			files = (
				6D7544A365CD851BF95A1FC4 /* Pods_FaceboookTest.framework in Frameworks */,
			);
			runOnlyForDeploymentPostprocessing = 0;
		};
/* End PBXFrameworksBuildPhase section */

/* Begin PBXGroup section */
		11F8F67624252B56003E61BE = {
			isa = PBXGroup;
			children = (
				110A9E1C24290A3F00F13263 /* Database.swift */,
				11F8F68124252B56003E61BE /* FaceboookTest */,
				11F8F68024252B56003E61BE /* Products */,
				239078F526FCC5EC21B62441 /* Pods */,
				43CDDD0C4AD4EC020F3BFD9B /* Frameworks */,
			);
			sourceTree = "<group>";
		};
		11F8F68024252B56003E61BE /* Products */ = {
			isa = PBXGroup;
			children = (
				11F8F67F24252B56003E61BE /* FaceboookTest.app */,
			);
			name = Products;
			sourceTree = "<group>";
		};
		11F8F68124252B56003E61BE /* FaceboookTest */ = {
			isa = PBXGroup;
			children = (
				11F8F68224252B56003E61BE /* AppDelegate.swift */,
				11F8F68424252B56003E61BE /* SceneDelegate.swift */,
				11F8F68624252B56003E61BE /* ViewController.swift */,
				11F8F68824252B56003E61BE /* Main.storyboard */,
				11F8F68B24252B5B003E61BE /* Assets.xcassets */,
				11F8F68D24252B5B003E61BE /* LaunchScreen.storyboard */,
				11F8F69024252B5B003E61BE /* Info.plist */,
				11F8F69624252D07003E61BE /* GoogleService-Info.plist */,
			);
			path = FaceboookTest;
			sourceTree = "<group>";
		};
		239078F526FCC5EC21B62441 /* Pods */ = {
			isa = PBXGroup;
			children = (
				CF13D1AF5CA4459E1257D2D8 /* Pods-FaceboookTest.debug.xcconfig */,
				38C38E253D631813FEDFDD04 /* Pods-FaceboookTest.release.xcconfig */,
			);
			path = Pods;
			sourceTree = "<group>";
		};
		43CDDD0C4AD4EC020F3BFD9B /* Frameworks */ = {
			isa = PBXGroup;
			children = (
				BD3E1E516333799EFE034BF2 /* Pods_FaceboookTest.framework */,
			);
			name = Frameworks;
			sourceTree = "<group>";
		};
/* End PBXGroup section */

/* Begin PBXNativeTarget section */
		11F8F67E24252B56003E61BE /* FaceboookTest */ = {
			isa = PBXNativeTarget;
			buildConfigurationList = 11F8F69324252B5B003E61BE /* Build configuration list for PBXNativeTarget "FaceboookTest" */;
			buildPhases = (
				2FA37B4D525E48AB93126FC7 /* [CP] Check Pods Manifest.lock */,
				11F8F67B24252B56003E61BE /* Sources */,
				11F8F67C24252B56003E61BE /* Frameworks */,
				11F8F67D24252B56003E61BE /* Resources */,
				14FFCF83D87FB391B6039900 /* [CP] Embed Pods Frameworks */,
				AEC22EAA8EBC2290C165AA85 /* [CP] Copy Pods Resources */,
			);
			buildRules = (
			);
			dependencies = (
			);
			name = FaceboookTest;
			productName = FaceboookTest;
			productReference = 11F8F67F24252B56003E61BE /* FaceboookTest.app */;
			productType = "com.apple.product-type.application";
		};
/* End PBXNativeTarget section */

/* Begin PBXProject section */
		11F8F67724252B56003E61BE /* Project object */ = {
			isa = PBXProject;
			attributes = {
				LastSwiftUpdateCheck = 1130;
				LastUpgradeCheck = 1130;
				ORGANIZATIONNAME = "Umut Sever";
				TargetAttributes = {
					11F8F67E24252B56003E61BE = {
						CreatedOnToolsVersion = 11.3.1;
					};
				};
			};
			buildConfigurationList = 11F8F67A24252B56003E61BE /* Build configuration list for PBXProject "FaceboookTest" */;
			compatibilityVersion = "Xcode 9.3";
			developmentRegion = en;
			hasScannedForEncodings = 0;
			knownRegions = (
				en,
				Base,
			);
			mainGroup = 11F8F67624252B56003E61BE;
			productRefGroup = 11F8F68024252B56003E61BE /* Products */;
			projectDirPath = "";
			projectRoot = "";
			targets = (
				11F8F67E24252B56003E61BE /* FaceboookTest */,
			);
		};
/* End PBXProject section */

/* Begin PBXResourcesBuildPhase section */
		11F8F67D24252B56003E61BE /* Resources */ = {
			isa = PBXResourcesBuildPhase;
			buildActionMask = 2147483647;
			files = (
				11F8F68F24252B5B003E61BE /* LaunchScreen.storyboard in Resources */,
				11F8F69724252D07003E61BE /* GoogleService-Info.plist in Resources */,
				11F8F68C24252B5B003E61BE /* Assets.xcassets in Resources */,
				11F8F68A24252B56003E61BE /* Main.storyboard in Resources */,
			);
			runOnlyForDeploymentPostprocessing = 0;
		};
/* End PBXResourcesBuildPhase section */

/* Begin PBXShellScriptBuildPhase section */
		14FFCF83D87FB391B6039900 /* [CP] Embed Pods Frameworks */ = {
			isa = PBXShellScriptBuildPhase;
			buildActionMask = 2147483647;
			files = (
			);
			inputFileListPaths = (
				"${PODS_ROOT}/Target Support Files/Pods-FaceboookTest/Pods-FaceboookTest-frameworks-${CONFIGURATION}-input-files.xcfilelist",
			);
			name = "[CP] Embed Pods Frameworks";
			outputFileListPaths = (
				"${PODS_ROOT}/Target Support Files/Pods-FaceboookTest/Pods-FaceboookTest-frameworks-${CONFIGURATION}-output-files.xcfilelist",
			);
			runOnlyForDeploymentPostprocessing = 0;
			shellPath = /bin/sh;
			shellScript = "\"${PODS_ROOT}/Target Support Files/Pods-FaceboookTest/Pods-FaceboookTest-frameworks.sh\"\n";
			showEnvVarsInLog = 0;
		};
		2FA37B4D525E48AB93126FC7 /* [CP] Check Pods Manifest.lock */ = {
			isa = PBXShellScriptBuildPhase;
			buildActionMask = 2147483647;
			files = (
			);
			inputFileListPaths = (
			);
			inputPaths = (
				"${PODS_PODFILE_DIR_PATH}/Podfile.lock",
				"${PODS_ROOT}/Manifest.lock",
			);
			name = "[CP] Check Pods Manifest.lock";
			outputFileListPaths = (
			);
			outputPaths = (
				"$(DERIVED_FILE_DIR)/Pods-FaceboookTest-checkManifestLockResult.txt",
			);
			runOnlyForDeploymentPostprocessing = 0;
			shellPath = /bin/sh;
			shellScript = "diff \"${PODS_PODFILE_DIR_PATH}/Podfile.lock\" \"${PODS_ROOT}/Manifest.lock\" > /dev/null\nif [ $? != 0 ] ; then\n    # print error to STDERR\n    echo \"error: The sandbox is not in sync with the Podfile.lock. Run 'pod install' or update your CocoaPods installation.\" >&2\n    exit 1\nfi\n# This output is used by Xcode 'outputs' to avoid re-running this script phase.\necho \"SUCCESS\" > \"${SCRIPT_OUTPUT_FILE_0}\"\n";
			showEnvVarsInLog = 0;
		};
		AEC22EAA8EBC2290C165AA85 /* [CP] Copy Pods Resources */ = {
			isa = PBXShellScriptBuildPhase;
			buildActionMask = 2147483647;
			files = (
			);
			inputFileListPaths = (
				"${PODS_ROOT}/Target Support Files/Pods-FaceboookTest/Pods-FaceboookTest-resources-${CONFIGURATION}-input-files.xcfilelist",
			);
			name = "[CP] Copy Pods Resources";
			outputFileListPaths = (
				"${PODS_ROOT}/Target Support Files/Pods-FaceboookTest/Pods-FaceboookTest-resources-${CONFIGURATION}-output-files.xcfilelist",
			);
			runOnlyForDeploymentPostprocessing = 0;
			shellPath = /bin/sh;
			shellScript = "\"${PODS_ROOT}/Target Support Files/Pods-FaceboookTest/Pods-FaceboookTest-resources.sh\"\n";
			showEnvVarsInLog = 0;
		};
/* End PBXShellScriptBuildPhase section */

/* Begin PBXSourcesBuildPhase section */
		11F8F67B24252B56003E61BE /* Sources */ = {
			isa = PBXSourcesBuildPhase;
			buildActionMask = 2147483647;
			files = (
				11F8F68724252B56003E61BE /* ViewController.swift in Sources */,
				11F8F68324252B56003E61BE /* AppDelegate.swift in Sources */,
				110A9E1D24290A3F00F13263 /* Database.swift in Sources */,
				11F8F68524252B56003E61BE /* SceneDelegate.swift in Sources */,
			);
			runOnlyForDeploymentPostprocessing = 0;
		};
/* End PBXSourcesBuildPhase section */

/* Begin PBXVariantGroup section */
		11F8F68824252B56003E61BE /* Main.storyboard */ = {
			isa = PBXVariantGroup;
			children = (
				11F8F68924252B56003E61BE /* Base */,
			);
			name = Main.storyboard;
			sourceTree = "<group>";
		};
		11F8F68D24252B5B003E61BE /* LaunchScreen.storyboard */ = {
			isa = PBXVariantGroup;
			children = (
				11F8F68E24252B5B003E61BE /* Base */,
			);
			name = LaunchScreen.storyboard;
			sourceTree = "<group>";
		};
/* End PBXVariantGroup section */

/* Begin XCBuildConfiguration section */
		11F8F69124252B5B003E61BE /* Debug */ = {
			isa = XCBuildConfiguration;
			buildSettings = {
				ALWAYS_SEARCH_USER_PATHS = NO;
				CLANG_ANALYZER_NONNULL = YES;
				CLANG_ANALYZER_NUMBER_OBJECT_CONVERSION = YES_AGGRESSIVE;
				CLANG_CXX_LANGUAGE_STANDARD = "gnu++14";
				CLANG_CXX_LIBRARY = "libc++";
				CLANG_ENABLE_MODULES = YES;
				CLANG_ENABLE_OBJC_ARC = YES;
				CLANG_ENABLE_OBJC_WEAK = YES;
				CLANG_WARN_BLOCK_CAPTURE_AUTORELEASING = YES;
				CLANG_WARN_BOOL_CONVERSION = YES;
				CLANG_WARN_COMMA = YES;
				CLANG_WARN_CONSTANT_CONVERSION = YES;
				CLANG_WARN_DEPRECATED_OBJC_IMPLEMENTATIONS = YES;
				CLANG_WARN_DIRECT_OBJC_ISA_USAGE = YES_ERROR;
				CLANG_WARN_DOCUMENTATION_COMMENTS = YES;
				CLANG_WARN_EMPTY_BODY = YES;
				CLANG_WARN_ENUM_CONVERSION = YES;
				CLANG_WARN_INFINITE_RECURSION = YES;
				CLANG_WARN_INT_CONVERSION = YES;
				CLANG_WARN_NON_LITERAL_NULL_CONVERSION = YES;
				CLANG_WARN_OBJC_IMPLICIT_RETAIN_SELF = YES;
				CLANG_WARN_OBJC_LITERAL_CONVERSION = YES;
				CLANG_WARN_OBJC_ROOT_CLASS = YES_ERROR;
				CLANG_WARN_RANGE_LOOP_ANALYSIS = YES;
				CLANG_WARN_STRICT_PROTOTYPES = YES;
				CLANG_WARN_SUSPICIOUS_MOVE = YES;
				CLANG_WARN_UNGUARDED_AVAILABILITY = YES_AGGRESSIVE;
				CLANG_WARN_UNREACHABLE_CODE = YES;
				CLANG_WARN__DUPLICATE_METHOD_MATCH = YES;
				COPY_PHASE_STRIP = NO;
				DEBUG_INFORMATION_FORMAT = dwarf;
				ENABLE_STRICT_OBJC_MSGSEND = YES;
				ENABLE_TESTABILITY = YES;
				GCC_C_LANGUAGE_STANDARD = gnu11;
				GCC_DYNAMIC_NO_PIC = NO;
				GCC_NO_COMMON_BLOCKS = YES;
				GCC_OPTIMIZATION_LEVEL = 0;
				GCC_PREPROCESSOR_DEFINITIONS = (
					"DEBUG=1",
					"$(inherited)",
				);
				GCC_WARN_64_TO_32_BIT_CONVERSION = YES;
				GCC_WARN_ABOUT_RETURN_TYPE = YES_ERROR;
				GCC_WARN_UNDECLARED_SELECTOR = YES;
				GCC_WARN_UNINITIALIZED_AUTOS = YES_AGGRESSIVE;
				GCC_WARN_UNUSED_FUNCTION = YES;
				GCC_WARN_UNUSED_VARIABLE = YES;
				IPHONEOS_DEPLOYMENT_TARGET = 13.2;
				MTL_ENABLE_DEBUG_INFO = INCLUDE_SOURCE;
				MTL_FAST_MATH = YES;
				ONLY_ACTIVE_ARCH = YES;
				SDKROOT = iphoneos;
				SWIFT_ACTIVE_COMPILATION_CONDITIONS = DEBUG;
				SWIFT_OPTIMIZATION_LEVEL = "-Onone";
			};
			name = Debug;
		};
		11F8F69224252B5B003E61BE /* Release */ = {
			isa = XCBuildConfiguration;
			buildSettings = {
				ALWAYS_SEARCH_USER_PATHS = NO;
				CLANG_ANALYZER_NONNULL = YES;
				CLANG_ANALYZER_NUMBER_OBJECT_CONVERSION = YES_AGGRESSIVE;
				CLANG_CXX_LANGUAGE_STANDARD = "gnu++14";
				CLANG_CXX_LIBRARY = "libc++";
				CLANG_ENABLE_MODULES = YES;
				CLANG_ENABLE_OBJC_ARC = YES;
				CLANG_ENABLE_OBJC_WEAK = YES;
				CLANG_WARN_BLOCK_CAPTURE_AUTORELEASING = YES;
				CLANG_WARN_BOOL_CONVERSION = YES;
				CLANG_WARN_COMMA = YES;
				CLANG_WARN_CONSTANT_CONVERSION = YES;
				CLANG_WARN_DEPRECATED_OBJC_IMPLEMENTATIONS = YES;
				CLANG_WARN_DIRECT_OBJC_ISA_USAGE = YES_ERROR;
				CLANG_WARN_DOCUMENTATION_COMMENTS = YES;
				CLANG_WARN_EMPTY_BODY = YES;
				CLANG_WARN_ENUM_CONVERSION = YES;
				CLANG_WARN_INFINITE_RECURSION = YES;
				CLANG_WARN_INT_CONVERSION = YES;
				CLANG_WARN_NON_LITERAL_NULL_CONVERSION = YES;
				CLANG_WARN_OBJC_IMPLICIT_RETAIN_SELF = YES;
				CLANG_WARN_OBJC_LITERAL_CONVERSION = YES;
				CLANG_WARN_OBJC_ROOT_CLASS = YES_ERROR;
				CLANG_WARN_RANGE_LOOP_ANALYSIS = YES;
				CLANG_WARN_STRICT_PROTOTYPES = YES;
				CLANG_WARN_SUSPICIOUS_MOVE = YES;
				CLANG_WARN_UNGUARDED_AVAILABILITY = YES_AGGRESSIVE;
				CLANG_WARN_UNREACHABLE_CODE = YES;
				CLANG_WARN__DUPLICATE_METHOD_MATCH = YES;
				COPY_PHASE_STRIP = NO;
				DEBUG_INFORMATION_FORMAT = "dwarf-with-dsym";
				ENABLE_NS_ASSERTIONS = NO;
				ENABLE_STRICT_OBJC_MSGSEND = YES;
				GCC_C_LANGUAGE_STANDARD = gnu11;
				GCC_NO_COMMON_BLOCKS = YES;
				GCC_WARN_64_TO_32_BIT_CONVERSION = YES;
				GCC_WARN_ABOUT_RETURN_TYPE = YES_ERROR;
				GCC_WARN_UNDECLARED_SELECTOR = YES;
				GCC_WARN_UNINITIALIZED_AUTOS = YES_AGGRESSIVE;
				GCC_WARN_UNUSED_FUNCTION = YES;
				GCC_WARN_UNUSED_VARIABLE = YES;
				IPHONEOS_DEPLOYMENT_TARGET = 13.2;
				MTL_ENABLE_DEBUG_INFO = NO;
				MTL_FAST_MATH = YES;
				SDKROOT = iphoneos;
				SWIFT_COMPILATION_MODE = wholemodule;
				SWIFT_OPTIMIZATION_LEVEL = "-O";
				VALIDATE_PRODUCT = YES;
			};
			name = Release;
		};
		11F8F69424252B5B003E61BE /* Debug */ = {
			isa = XCBuildConfiguration;
			baseConfigurationReference = CF13D1AF5CA4459E1257D2D8 /* Pods-FaceboookTest.debug.xcconfig */;
			buildSettings = {
				ASSETCATALOG_COMPILER_APPICON_NAME = AppIcon;
				CODE_SIGN_STYLE = Automatic;
				DEVELOPMENT_TEAM = 89685536Y6;
				INFOPLIST_FILE = FaceboookTest/Info.plist;
				LD_RUNPATH_SEARCH_PATHS = (
					"$(inherited)",
					"@executable_path/Frameworks",
				);
				PRODUCT_BUNDLE_IDENTIFIER = com.umutsever.FaceboookTest;
				PRODUCT_NAME = "$(TARGET_NAME)";
				SWIFT_VERSION = 5.0;
				TARGETED_DEVICE_FAMILY = "1,2";
			};
			name = Debug;
		};
		11F8F69524252B5B003E61BE /* Release */ = {
			isa = XCBuildConfiguration;
			baseConfigurationReference = 38C38E253D631813FEDFDD04 /* Pods-FaceboookTest.release.xcconfig */;
			buildSettings = {
				ASSETCATALOG_COMPILER_APPICON_NAME = AppIcon;
				CODE_SIGN_STYLE = Automatic;
				DEVELOPMENT_TEAM = 89685536Y6;
				INFOPLIST_FILE = FaceboookTest/Info.plist;
				LD_RUNPATH_SEARCH_PATHS = (
					"$(inherited)",
					"@executable_path/Frameworks",
				);
				PRODUCT_BUNDLE_IDENTIFIER = com.umutsever.FaceboookTest;
				PRODUCT_NAME = "$(TARGET_NAME)";
				SWIFT_VERSION = 5.0;
				TARGETED_DEVICE_FAMILY = "1,2";
			};
			name = Release;
		};
/* End XCBuildConfiguration section */

/* Begin XCConfigurationList section */
		11F8F67A24252B56003E61BE /* Build configuration list for PBXProject "FaceboookTest" */ = {
			isa = XCConfigurationList;
			buildConfigurations = (
				11F8F69124252B5B003E61BE /* Debug */,
				11F8F69224252B5B003E61BE /* Release */,
			);
			defaultConfigurationIsVisible = 0;
			defaultConfigurationName = Release;
		};
		11F8F69324252B5B003E61BE /* Build configuration list for PBXNativeTarget "FaceboookTest" */ = {
			isa = XCConfigurationList;
			buildConfigurations = (
				11F8F69424252B5B003E61BE /* Debug */,
				11F8F69524252B5B003E61BE /* Release */,
			);
			defaultConfigurationIsVisible = 0;
			defaultConfigurationName = Release;
		};
/* End XCConfigurationList section */
	};
	rootObject = 11F8F67724252B56003E61BE /* Project object */;
}
